// !$*UTF8*$!
{
	archiveVersion = 1;
	classes = {
	};
	objectVersion = 46;
	objects = {

/* Begin PBXBuildFile section */
		2269465516CB239900EA2D35 /* UIKit.framework in Frameworks */ = {isa = PBXBuildFile; fileRef = 2269465416CB239900EA2D35 /* UIKit.framework */; };
		2269465716CB239900EA2D35 /* Foundation.framework in Frameworks */ = {isa = PBXBuildFile; fileRef = 2269465616CB239900EA2D35 /* Foundation.framework */; };
		2269465916CB239900EA2D35 /* CoreGraphics.framework in Frameworks */ = {isa = PBXBuildFile; fileRef = 2269465816CB239900EA2D35 /* CoreGraphics.framework */; };
		2269465F16CB239900EA2D35 /* InfoPlist.strings in Resources */ = {isa = PBXBuildFile; fileRef = 2269465D16CB239900EA2D35 /* InfoPlist.strings */; };
		2269466116CB239900EA2D35 /* main.m in Sources */ = {isa = PBXBuildFile; fileRef = 2269466016CB239900EA2D35 /* main.m */; };
		2269466516CB239900EA2D35 /* AppDelegate.m in Sources */ = {isa = PBXBuildFile; fileRef = 2269466416CB239900EA2D35 /* AppDelegate.m */; };
		2269466716CB239900EA2D35 /* Default.png in Resources */ = {isa = PBXBuildFile; fileRef = 2269466616CB239900EA2D35 /* Default.png */; };
		2269466916CB239900EA2D35 /* Default@2x.png in Resources */ = {isa = PBXBuildFile; fileRef = 2269466816CB239900EA2D35 /* Default@2x.png */; };
		2269466B16CB239900EA2D35 /* Default-568h@2x.png in Resources */ = {isa = PBXBuildFile; fileRef = 2269466A16CB239900EA2D35 /* Default-568h@2x.png */; };
		2269466E16CB239900EA2D35 /* MainStoryboard.storyboard in Resources */ = {isa = PBXBuildFile; fileRef = 2269466C16CB239900EA2D35 /* MainStoryboard.storyboard */; };
		2269467116CB239900EA2D35 /* FirstViewController.m in Sources */ = {isa = PBXBuildFile; fileRef = 2269467016CB239900EA2D35 /* FirstViewController.m */; };
		2269467316CB239900EA2D35 /* first.png in Resources */ = {isa = PBXBuildFile; fileRef = 2269467216CB239900EA2D35 /* first.png */; };
		2269467516CB239900EA2D35 /* first@2x.png in Resources */ = {isa = PBXBuildFile; fileRef = 2269467416CB239900EA2D35 /* first@2x.png */; };
		2269467816CB239900EA2D35 /* SecondViewController.m in Sources */ = {isa = PBXBuildFile; fileRef = 2269467716CB239900EA2D35 /* SecondViewController.m */; };
		2269467A16CB239900EA2D35 /* second.png in Resources */ = {isa = PBXBuildFile; fileRef = 2269467916CB239900EA2D35 /* second.png */; };
		2269467C16CB239900EA2D35 /* second@2x.png in Resources */ = {isa = PBXBuildFile; fileRef = 2269467B16CB239900EA2D35 /* second@2x.png */; };
		2269469616CB23A400EA2D35 /* AFHTTPClient.m in Sources */ = {isa = PBXBuildFile; fileRef = 2269468416CB23A400EA2D35 /* AFHTTPClient.m */; };
		2269469716CB23A400EA2D35 /* AFHTTPRequestOperation.m in Sources */ = {isa = PBXBuildFile; fileRef = 2269468616CB23A400EA2D35 /* AFHTTPRequestOperation.m */; };
		2269469816CB23A400EA2D35 /* AFImageRequestOperation.m in Sources */ = {isa = PBXBuildFile; fileRef = 2269468816CB23A400EA2D35 /* AFImageRequestOperation.m */; };
		2269469916CB23A400EA2D35 /* AFJSONRequestOperation.m in Sources */ = {isa = PBXBuildFile; fileRef = 2269468A16CB23A400EA2D35 /* AFJSONRequestOperation.m */; };
		2269469A16CB23A400EA2D35 /* AFNetworkActivityIndicatorManager.m in Sources */ = {isa = PBXBuildFile; fileRef = 2269468C16CB23A400EA2D35 /* AFNetworkActivityIndicatorManager.m */; };
		2269469B16CB23A400EA2D35 /* AFPropertyListRequestOperation.m in Sources */ = {isa = PBXBuildFile; fileRef = 2269468F16CB23A400EA2D35 /* AFPropertyListRequestOperation.m */; };
		2269469C16CB23A400EA2D35 /* AFURLConnectionOperation.m in Sources */ = {isa = PBXBuildFile; fileRef = 2269469116CB23A400EA2D35 /* AFURLConnectionOperation.m */; };
		2269469D16CB23A400EA2D35 /* AFXMLRequestOperation.m in Sources */ = {isa = PBXBuildFile; fileRef = 2269469316CB23A400EA2D35 /* AFXMLRequestOperation.m */; };
		2269469E16CB23A400EA2D35 /* UIImageView+AFNetworking.m in Sources */ = {isa = PBXBuildFile; fileRef = 2269469516CB23A400EA2D35 /* UIImageView+AFNetworking.m */; };
		226946A116CB2EED00EA2D35 /* NewUserViewController.m in Sources */ = {isa = PBXBuildFile; fileRef = 226946A016CB2EED00EA2D35 /* NewUserViewController.m */; };
/* End PBXBuildFile section */

/* Begin PBXFileReference section */
		2269465116CB239900EA2D35 /* bandRides.app */ = {isa = PBXFileReference; explicitFileType = wrapper.application; includeInIndex = 0; path = bandRides.app; sourceTree = BUILT_PRODUCTS_DIR; };
		2269465416CB239900EA2D35 /* UIKit.framework */ = {isa = PBXFileReference; lastKnownFileType = wrapper.framework; name = UIKit.framework; path = System/Library/Frameworks/UIKit.framework; sourceTree = SDKROOT; };
		2269465616CB239900EA2D35 /* Foundation.framework */ = {isa = PBXFileReference; lastKnownFileType = wrapper.framework; name = Foundation.framework; path = System/Library/Frameworks/Foundation.framework; sourceTree = SDKROOT; };
		2269465816CB239900EA2D35 /* CoreGraphics.framework */ = {isa = PBXFileReference; lastKnownFileType = wrapper.framework; name = CoreGraphics.framework; path = System/Library/Frameworks/CoreGraphics.framework; sourceTree = SDKROOT; };
		2269465C16CB239900EA2D35 /* bandRides-Info.plist */ = {isa = PBXFileReference; lastKnownFileType = text.plist.xml; path = "bandRides-Info.plist"; sourceTree = "<group>"; };
		2269465E16CB239900EA2D35 /* en */ = {isa = PBXFileReference; lastKnownFileType = text.plist.strings; name = en; path = en.lproj/InfoPlist.strings; sourceTree = "<group>"; };
		2269466016CB239900EA2D35 /* main.m */ = {isa = PBXFileReference; lastKnownFileType = sourcecode.c.objc; path = main.m; sourceTree = "<group>"; };
		2269466216CB239900EA2D35 /* bandRides-Prefix.pch */ = {isa = PBXFileReference; lastKnownFileType = sourcecode.c.h; path = "bandRides-Prefix.pch"; sourceTree = "<group>"; };
		2269466316CB239900EA2D35 /* AppDelegate.h */ = {isa = PBXFileReference; lastKnownFileType = sourcecode.c.h; path = AppDelegate.h; sourceTree = "<group>"; };
		2269466416CB239900EA2D35 /* AppDelegate.m */ = {isa = PBXFileReference; lastKnownFileType = sourcecode.c.objc; path = AppDelegate.m; sourceTree = "<group>"; };
		2269466616CB239900EA2D35 /* Default.png */ = {isa = PBXFileReference; lastKnownFileType = image.png; path = Default.png; sourceTree = "<group>"; };
		2269466816CB239900EA2D35 /* Default@2x.png */ = {isa = PBXFileReference; lastKnownFileType = image.png; path = "Default@2x.png"; sourceTree = "<group>"; };
		2269466A16CB239900EA2D35 /* Default-568h@2x.png */ = {isa = PBXFileReference; lastKnownFileType = image.png; path = "Default-568h@2x.png"; sourceTree = "<group>"; };
		2269466D16CB239900EA2D35 /* en */ = {isa = PBXFileReference; lastKnownFileType = file.storyboard; name = en; path = en.lproj/MainStoryboard.storyboard; sourceTree = "<group>"; };
		2269466F16CB239900EA2D35 /* FirstViewController.h */ = {isa = PBXFileReference; lastKnownFileType = sourcecode.c.h; path = FirstViewController.h; sourceTree = "<group>"; };
		2269467016CB239900EA2D35 /* FirstViewController.m */ = {isa = PBXFileReference; lastKnownFileType = sourcecode.c.objc; path = FirstViewController.m; sourceTree = "<group>"; };
		2269467216CB239900EA2D35 /* first.png */ = {isa = PBXFileReference; lastKnownFileType = image.png; path = first.png; sourceTree = "<group>"; };
		2269467416CB239900EA2D35 /* first@2x.png */ = {isa = PBXFileReference; lastKnownFileType = image.png; path = "first@2x.png"; sourceTree = "<group>"; };
		2269467616CB239900EA2D35 /* SecondViewController.h */ = {isa = PBXFileReference; lastKnownFileType = sourcecode.c.h; path = SecondViewController.h; sourceTree = "<group>"; };
		2269467716CB239900EA2D35 /* SecondViewController.m */ = {isa = PBXFileReference; lastKnownFileType = sourcecode.c.objc; path = SecondViewController.m; sourceTree = "<group>"; };
		2269467916CB239900EA2D35 /* second.png */ = {isa = PBXFileReference; lastKnownFileType = image.png; path = second.png; sourceTree = "<group>"; };
		2269467B16CB239900EA2D35 /* second@2x.png */ = {isa = PBXFileReference; lastKnownFileType = image.png; path = "second@2x.png"; sourceTree = "<group>"; };
		2269468316CB23A400EA2D35 /* AFHTTPClient.h */ = {isa = PBXFileReference; fileEncoding = 4; lastKnownFileType = sourcecode.c.h; path = AFHTTPClient.h; sourceTree = "<group>"; };
		2269468416CB23A400EA2D35 /* AFHTTPClient.m */ = {isa = PBXFileReference; fileEncoding = 4; lastKnownFileType = sourcecode.c.objc; path = AFHTTPClient.m; sourceTree = "<group>"; };
		2269468516CB23A400EA2D35 /* AFHTTPRequestOperation.h */ = {isa = PBXFileReference; fileEncoding = 4; lastKnownFileType = sourcecode.c.h; path = AFHTTPRequestOperation.h; sourceTree = "<group>"; };
		2269468616CB23A400EA2D35 /* AFHTTPRequestOperation.m */ = {isa = PBXFileReference; fileEncoding = 4; lastKnownFileType = sourcecode.c.objc; path = AFHTTPRequestOperation.m; sourceTree = "<group>"; };
		2269468716CB23A400EA2D35 /* AFImageRequestOperation.h */ = {isa = PBXFileReference; fileEncoding = 4; lastKnownFileType = sourcecode.c.h; path = AFImageRequestOperation.h; sourceTree = "<group>"; };
		2269468816CB23A400EA2D35 /* AFImageRequestOperation.m */ = {isa = PBXFileReference; fileEncoding = 4; lastKnownFileType = sourcecode.c.objc; path = AFImageRequestOperation.m; sourceTree = "<group>"; };
		2269468916CB23A400EA2D35 /* AFJSONRequestOperation.h */ = {isa = PBXFileReference; fileEncoding = 4; lastKnownFileType = sourcecode.c.h; path = AFJSONRequestOperation.h; sourceTree = "<group>"; };
		2269468A16CB23A400EA2D35 /* AFJSONRequestOperation.m */ = {isa = PBXFileReference; fileEncoding = 4; lastKnownFileType = sourcecode.c.objc; path = AFJSONRequestOperation.m; sourceTree = "<group>"; };
		2269468B16CB23A400EA2D35 /* AFNetworkActivityIndicatorManager.h */ = {isa = PBXFileReference; fileEncoding = 4; lastKnownFileType = sourcecode.c.h; path = AFNetworkActivityIndicatorManager.h; sourceTree = "<group>"; };
		2269468C16CB23A400EA2D35 /* AFNetworkActivityIndicatorManager.m */ = {isa = PBXFileReference; fileEncoding = 4; lastKnownFileType = sourcecode.c.objc; path = AFNetworkActivityIndicatorManager.m; sourceTree = "<group>"; };
		2269468D16CB23A400EA2D35 /* AFNetworking.h */ = {isa = PBXFileReference; fileEncoding = 4; lastKnownFileType = sourcecode.c.h; path = AFNetworking.h; sourceTree = "<group>"; };
		2269468E16CB23A400EA2D35 /* AFPropertyListRequestOperation.h */ = {isa = PBXFileReference; fileEncoding = 4; lastKnownFileType = sourcecode.c.h; path = AFPropertyListRequestOperation.h; sourceTree = "<group>"; };
		2269468F16CB23A400EA2D35 /* AFPropertyListRequestOperation.m */ = {isa = PBXFileReference; fileEncoding = 4; lastKnownFileType = sourcecode.c.objc; path = AFPropertyListRequestOperation.m; sourceTree = "<group>"; };
		2269469016CB23A400EA2D35 /* AFURLConnectionOperation.h */ = {isa = PBXFileReference; fileEncoding = 4; lastKnownFileType = sourcecode.c.h; path = AFURLConnectionOperation.h; sourceTree = "<group>"; };
		2269469116CB23A400EA2D35 /* AFURLConnectionOperation.m */ = {isa = PBXFileReference; fileEncoding = 4; lastKnownFileType = sourcecode.c.objc; path = AFURLConnectionOperation.m; sourceTree = "<group>"; };
		2269469216CB23A400EA2D35 /* AFXMLRequestOperation.h */ = {isa = PBXFileReference; fileEncoding = 4; lastKnownFileType = sourcecode.c.h; path = AFXMLRequestOperation.h; sourceTree = "<group>"; };
		2269469316CB23A400EA2D35 /* AFXMLRequestOperation.m */ = {isa = PBXFileReference; fileEncoding = 4; lastKnownFileType = sourcecode.c.objc; path = AFXMLRequestOperation.m; sourceTree = "<group>"; };
		2269469416CB23A400EA2D35 /* UIImageView+AFNetworking.h */ = {isa = PBXFileReference; fileEncoding = 4; lastKnownFileType = sourcecode.c.h; path = "UIImageView+AFNetworking.h"; sourceTree = "<group>"; };
		2269469516CB23A400EA2D35 /* UIImageView+AFNetworking.m */ = {isa = PBXFileReference; fileEncoding = 4; lastKnownFileType = sourcecode.c.objc; path = "UIImageView+AFNetworking.m"; sourceTree = "<group>"; };
		2269469F16CB2EED00EA2D35 /* NewUserViewController.h */ = {isa = PBXFileReference; fileEncoding = 4; lastKnownFileType = sourcecode.c.h; path = NewUserViewController.h; sourceTree = "<group>"; };
		226946A016CB2EED00EA2D35 /* NewUserViewController.m */ = {isa = PBXFileReference; fileEncoding = 4; lastKnownFileType = sourcecode.c.objc; path = NewUserViewController.m; sourceTree = "<group>"; };
/* End PBXFileReference section */

/* Begin PBXFrameworksBuildPhase section */
		2269464E16CB239900EA2D35 /* Frameworks */ = {
			isa = PBXFrameworksBuildPhase;
			buildActionMask = 2147483647;
			files = (
				2269465516CB239900EA2D35 /* UIKit.framework in Frameworks */,
				2269465716CB239900EA2D35 /* Foundation.framework in Frameworks */,
				2269465916CB239900EA2D35 /* CoreGraphics.framework in Frameworks */,
			);
			runOnlyForDeploymentPostprocessing = 0;
		};
/* End PBXFrameworksBuildPhase section */

/* Begin PBXGroup section */
		2269464816CB239900EA2D35 = {
			isa = PBXGroup;
			children = (
				2269465A16CB239900EA2D35 /* bandRides */,
				2269465316CB239900EA2D35 /* Frameworks */,
				2269465216CB239900EA2D35 /* Products */,
			);
			sourceTree = "<group>";
		};
		2269465216CB239900EA2D35 /* Products */ = {
			isa = PBXGroup;
			children = (
				2269465116CB239900EA2D35 /* bandRides.app */,
			);
			name = Products;
			sourceTree = "<group>";
		};
		2269465316CB239900EA2D35 /* Frameworks */ = {
			isa = PBXGroup;
			children = (
				2269465416CB239900EA2D35 /* UIKit.framework */,
				2269465616CB239900EA2D35 /* Foundation.framework */,
				2269465816CB239900EA2D35 /* CoreGraphics.framework */,
			);
			name = Frameworks;
			sourceTree = "<group>";
		};
		2269465A16CB239900EA2D35 /* bandRides */ = {
			isa = PBXGroup;
			children = (
				2269468216CB23A400EA2D35 /* AFNetworking */,
				2269466316CB239900EA2D35 /* AppDelegate.h */,
				2269466416CB239900EA2D35 /* AppDelegate.m */,
				2269466C16CB239900EA2D35 /* MainStoryboard.storyboard */,
				2269466F16CB239900EA2D35 /* FirstViewController.h */,
				2269467016CB239900EA2D35 /* FirstViewController.m */,
				2269467216CB239900EA2D35 /* first.png */,
				2269467416CB239900EA2D35 /* first@2x.png */,
				2269467616CB239900EA2D35 /* SecondViewController.h */,
				2269467716CB239900EA2D35 /* SecondViewController.m */,
				2269467916CB239900EA2D35 /* second.png */,
				2269467B16CB239900EA2D35 /* second@2x.png */,
				2269465B16CB239900EA2D35 /* Supporting Files */,
				2269469F16CB2EED00EA2D35 /* NewUserViewController.h */,
				226946A016CB2EED00EA2D35 /* NewUserViewController.m */,
			);
			path = bandRides;
			sourceTree = "<group>";
		};
		2269465B16CB239900EA2D35 /* Supporting Files */ = {
			isa = PBXGroup;
			children = (
				2269465C16CB239900EA2D35 /* bandRides-Info.plist */,
				2269465D16CB239900EA2D35 /* InfoPlist.strings */,
				2269466016CB239900EA2D35 /* main.m */,
				2269466216CB239900EA2D35 /* bandRides-Prefix.pch */,
				2269466616CB239900EA2D35 /* Default.png */,
				2269466816CB239900EA2D35 /* Default@2x.png */,
				2269466A16CB239900EA2D35 /* Default-568h@2x.png */,
			);
			name = "Supporting Files";
			sourceTree = "<group>";
		};
		2269468216CB23A400EA2D35 /* AFNetworking */ = {
			isa = PBXGroup;
			children = (
				2269468316CB23A400EA2D35 /* AFHTTPClient.h */,
				2269468416CB23A400EA2D35 /* AFHTTPClient.m */,
				2269468516CB23A400EA2D35 /* AFHTTPRequestOperation.h */,
				2269468616CB23A400EA2D35 /* AFHTTPRequestOperation.m */,
				2269468716CB23A400EA2D35 /* AFImageRequestOperation.h */,
				2269468816CB23A400EA2D35 /* AFImageRequestOperation.m */,
				2269468916CB23A400EA2D35 /* AFJSONRequestOperation.h */,
				2269468A16CB23A400EA2D35 /* AFJSONRequestOperation.m */,
				2269468B16CB23A400EA2D35 /* AFNetworkActivityIndicatorManager.h */,
				2269468C16CB23A400EA2D35 /* AFNetworkActivityIndicatorManager.m */,
				2269468D16CB23A400EA2D35 /* AFNetworking.h */,
				2269468E16CB23A400EA2D35 /* AFPropertyListRequestOperation.h */,
				2269468F16CB23A400EA2D35 /* AFPropertyListRequestOperation.m */,
				2269469016CB23A400EA2D35 /* AFURLConnectionOperation.h */,
				2269469116CB23A400EA2D35 /* AFURLConnectionOperation.m */,
				2269469216CB23A400EA2D35 /* AFXMLRequestOperation.h */,
				2269469316CB23A400EA2D35 /* AFXMLRequestOperation.m */,
				2269469416CB23A400EA2D35 /* UIImageView+AFNetworking.h */,
				2269469516CB23A400EA2D35 /* UIImageView+AFNetworking.m */,
			);
			path = AFNetworking;
			sourceTree = "<group>";
		};
/* End PBXGroup section */

/* Begin PBXNativeTarget section */
		2269465016CB239900EA2D35 /* bandRides */ = {
			isa = PBXNativeTarget;
			buildConfigurationList = 2269467F16CB239900EA2D35 /* Build configuration list for PBXNativeTarget "bandRides" */;
			buildPhases = (
				2269464D16CB239900EA2D35 /* Sources */,
				2269464E16CB239900EA2D35 /* Frameworks */,
				2269464F16CB239900EA2D35 /* Resources */,
			);
			buildRules = (
			);
			dependencies = (
			);
			name = bandRides;
			productName = bandRides;
			productReference = 2269465116CB239900EA2D35 /* bandRides.app */;
			productType = "com.apple.product-type.application";
		};
/* End PBXNativeTarget section */

/* Begin PBXProject section */
		2269464916CB239900EA2D35 /* Project object */ = {
			isa = PBXProject;
			attributes = {
				LastUpgradeCheck = 0460;
				ORGANIZATIONNAME = "DJ Tarazona";
			};
			buildConfigurationList = 2269464C16CB239900EA2D35 /* Build configuration list for PBXProject "bandRides" */;
			compatibilityVersion = "Xcode 3.2";
			developmentRegion = English;
			hasScannedForEncodings = 0;
			knownRegions = (
				en,
			);
			mainGroup = 2269464816CB239900EA2D35;
			productRefGroup = 2269465216CB239900EA2D35 /* Products */;
			projectDirPath = "";
			projectRoot = "";
			targets = (
				2269465016CB239900EA2D35 /* bandRides */,
			);
		};
/* End PBXProject section */

/* Begin PBXResourcesBuildPhase section */
		2269464F16CB239900EA2D35 /* Resources */ = {
			isa = PBXResourcesBuildPhase;
			buildActionMask = 2147483647;
			files = (
				2269465F16CB239900EA2D35 /* InfoPlist.strings in Resources */,
				2269466716CB239900EA2D35 /* Default.png in Resources */,
				2269466916CB239900EA2D35 /* Default@2x.png in Resources */,
				2269466B16CB239900EA2D35 /* Default-568h@2x.png in Resources */,
				2269466E16CB239900EA2D35 /* MainStoryboard.storyboard in Resources */,
				2269467316CB239900EA2D35 /* first.png in Resources */,
				2269467516CB239900EA2D35 /* first@2x.png in Resources */,
				2269467A16CB239900EA2D35 /* second.png in Resources */,
				2269467C16CB239900EA2D35 /* second@2x.png in Resources */,
			);
			runOnlyForDeploymentPostprocessing = 0;
		};
/* End PBXResourcesBuildPhase section */

/* Begin PBXSourcesBuildPhase section */
		2269464D16CB239900EA2D35 /* Sources */ = {
			isa = PBXSourcesBuildPhase;
			buildActionMask = 2147483647;
			files = (
				2269466116CB239900EA2D35 /* main.m in Sources */,
				2269466516CB239900EA2D35 /* AppDelegate.m in Sources */,
				2269467116CB239900EA2D35 /* FirstViewController.m in Sources */,
				2269467816CB239900EA2D35 /* SecondViewController.m in Sources */,
				2269469616CB23A400EA2D35 /* AFHTTPClient.m in Sources */,
				2269469716CB23A400EA2D35 /* AFHTTPRequestOperation.m in Sources */,
				2269469816CB23A400EA2D35 /* AFImageRequestOperation.m in Sources */,
				2269469916CB23A400EA2D35 /* AFJSONRequestOperation.m in Sources */,
				2269469A16CB23A400EA2D35 /* AFNetworkActivityIndicatorManager.m in Sources */,
				2269469B16CB23A400EA2D35 /* AFPropertyListRequestOperation.m in Sources */,
				2269469C16CB23A400EA2D35 /* AFURLConnectionOperation.m in Sources */,
				2269469D16CB23A400EA2D35 /* AFXMLRequestOperation.m in Sources */,
				2269469E16CB23A400EA2D35 /* UIImageView+AFNetworking.m in Sources */,
				226946A116CB2EED00EA2D35 /* NewUserViewController.m in Sources */,
			);
			runOnlyForDeploymentPostprocessing = 0;
		};
/* End PBXSourcesBuildPhase section */

/* Begin PBXVariantGroup section */
		2269465D16CB239900EA2D35 /* InfoPlist.strings */ = {
			isa = PBXVariantGroup;
			children = (
				2269465E16CB239900EA2D35 /* en */,
			);
			name = InfoPlist.strings;
			sourceTree = "<group>";
		};
		2269466C16CB239900EA2D35 /* MainStoryboard.storyboard */ = {
			isa = PBXVariantGroup;
			children = (
				2269466D16CB239900EA2D35 /* en */,
			);
			name = MainStoryboard.storyboard;
			sourceTree = "<group>";
		};
/* End PBXVariantGroup section */

/* Begin XCBuildConfiguration section */
		2269467D16CB239900EA2D35 /* Debug */ = {
			isa = XCBuildConfiguration;
			buildSettings = {
				ALWAYS_SEARCH_USER_PATHS = NO;
				CLANG_CXX_LANGUAGE_STANDARD = "gnu++0x";
				CLANG_CXX_LIBRARY = "libc++";
				CLANG_ENABLE_OBJC_ARC = YES;
				CLANG_WARN_CONSTANT_CONVERSION = YES;
				CLANG_WARN_EMPTY_BODY = YES;
				CLANG_WARN_ENUM_CONVERSION = YES;
				CLANG_WARN_INT_CONVERSION = YES;
				CLANG_WARN__DUPLICATE_METHOD_MATCH = YES;
				"CODE_SIGN_IDENTITY[sdk=iphoneos*]" = "iPhone Developer";
				COPY_PHASE_STRIP = NO;
				GCC_C_LANGUAGE_STANDARD = gnu99;
				GCC_DYNAMIC_NO_PIC = NO;
				GCC_OPTIMIZATION_LEVEL = 0;
				GCC_PREPROCESSOR_DEFINITIONS = (
					"DEBUG=1",
					"$(inherited)",
				);
				GCC_SYMBOLS_PRIVATE_EXTERN = NO;
				GCC_WARN_ABOUT_RETURN_TYPE = YES;
				GCC_WARN_UNINITIALIZED_AUTOS = YES;
				GCC_WARN_UNUSED_VARIABLE = YES;
				IPHONEOS_DEPLOYMENT_TARGET = 6.1;
				ONLY_ACTIVE_ARCH = YES;
				SDKROOT = iphoneos;
			};
			name = Debug;
		};
		2269467E16CB239900EA2D35 /* Release */ = {
			isa = XCBuildConfiguration;
			buildSettings = {
				ALWAYS_SEARCH_USER_PATHS = NO;
				CLANG_CXX_LANGUAGE_STANDARD = "gnu++0x";
				CLANG_CXX_LIBRARY = "libc++";
				CLANG_ENABLE_OBJC_ARC = YES;
				CLANG_WARN_CONSTANT_CONVERSION = YES;
				CLANG_WARN_EMPTY_BODY = YES;
				CLANG_WARN_ENUM_CONVERSION = YES;
				CLANG_WARN_INT_CONVERSION = YES;
				CLANG_WARN__DUPLICATE_METHOD_MATCH = YES;
				"CODE_SIGN_IDENTITY[sdk=iphoneos*]" = "iPhone Developer";
				COPY_PHASE_STRIP = YES;
				GCC_C_LANGUAGE_STANDARD = gnu99;
				GCC_WARN_ABOUT_RETURN_TYPE = YES;
				GCC_WARN_UNINITIALIZED_AUTOS = YES;
				GCC_WARN_UNUSED_VARIABLE = YES;
				IPHONEOS_DEPLOYMENT_TARGET = 6.1;
				OTHER_CFLAGS = "-DNS_BLOCK_ASSERTIONS=1";
				SDKROOT = iphoneos;
				VALIDATE_PRODUCT = YES;
			};
			name = Release;
		};
		2269468016CB239900EA2D35 /* Debug */ = {
			isa = XCBuildConfiguration;
			buildSettings = {
				GCC_PRECOMPILE_PREFIX_HEADER = YES;
				GCC_PREFIX_HEADER = "bandRides/bandRides-Prefix.pch";
				INFOPLIST_FILE = "bandRides/bandRides-Info.plist";
				PRODUCT_NAME = "$(TARGET_NAME)";
				WRAPPER_EXTENSION = app;
			};
			name = Debug;
		};
		2269468116CB239900EA2D35 /* Release */ = {
			isa = XCBuildConfiguration;
			buildSettings = {
				GCC_PRECOMPILE_PREFIX_HEADER = YES;
				GCC_PREFIX_HEADER = "bandRides/bandRides-Prefix.pch";
				INFOPLIST_FILE = "bandRides/bandRides-Info.plist";
				PRODUCT_NAME = "$(TARGET_NAME)";
				WRAPPER_EXTENSION = app;
			};
			name = Release;
		};
/* End XCBuildConfiguration section */

/* Begin XCConfigurationList section */
		2269464C16CB239900EA2D35 /* Build configuration list for PBXProject "bandRides" */ = {
			isa = XCConfigurationList;
			buildConfigurations = (
				2269467D16CB239900EA2D35 /* Debug */,
				2269467E16CB239900EA2D35 /* Release */,
			);
			defaultConfigurationIsVisible = 0;
			defaultConfigurationName = Release;
		};
		2269467F16CB239900EA2D35 /* Build configuration list for PBXNativeTarget "bandRides" */ = {
			isa = XCConfigurationList;
			buildConfigurations = (
				2269468016CB239900EA2D35 /* Debug */,
				2269468116CB239900EA2D35 /* Release */,
			);
			defaultConfigurationIsVisible = 0;
		};
/* End XCConfigurationList section */
	};
	rootObject = 2269464916CB239900EA2D35 /* Project object */;
}
